
Microsoft Visual Studio Solution File, Format Version 12.00
# Visual Studio 15
VisualStudioVersion = 15.0.27004.2005
MinimumVisualStudioVersion = 10.0.40219.1
Project("{9A19103F-16F7-4668-BE54-9A1E7A4F7556}") = "MatrixPolindromes", "MatrixPolindromes\MatrixPolindromes.csproj", "{B5926896-EDC2-4266-B030-FF586B2E1B94}"
EndProject
Project("{9A19103F-16F7-4668-BE54-9A1E7A4F7556}") = "DiagonalDifference", "DiagonalDifference\DiagonalDifference.csproj", "{2CFC170A-6FE3-454E-9203-E59E6E3C7C42}"
EndProject
Project("{9A19103F-16F7-4668-BE54-9A1E7A4F7556}") = "SquaresInMatrix", "SquaresInMatrix\SquaresInMatrix.csproj", "{0D542587-9FE1-4DF9-83A0-427AF6AD89B1}"
EndProject
Project("{FAE04EC0-301F-11D3-BF4B-00C04F79EFBC}") = "MaximumSum", "MaximumSum\MaximumSum.csproj", "{B378B694-5014-4F5D-A336-9C8CCBD99329}"
EndProject
Project("{FAE04EC0-301F-11D3-BF4B-00C04F79EFBC}") = "Rubic'sMatrix", "Rubic'sMatrix\Rubic'sMatrix.csproj", "{7F1EA92B-A96A-41B8-BD76-6D3D3DB1E478}"
EndProject
Global
	GlobalSection(SolutionConfigurationPlatforms) = preSolution
		Debug|Any CPU = Debug|Any CPU
		Release|Any CPU = Release|Any CPU
	EndGlobalSection
	GlobalSection(ProjectConfigurationPlatforms) = postSolution
		{B5926896-EDC2-4266-B030-FF586B2E1B94}.Debug|Any CPU.ActiveCfg = Debug|Any CPU
		{B5926896-EDC2-4266-B030-FF586B2E1B94}.Debug|Any CPU.Build.0 = Debug|Any CPU
		{B5926896-EDC2-4266-B030-FF586B2E1B94}.Release|Any CPU.ActiveCfg = Release|Any CPU
		{B5926896-EDC2-4266-B030-FF586B2E1B94}.Release|Any CPU.Build.0 = Release|Any CPU
		{2CFC170A-6FE3-454E-9203-E59E6E3C7C42}.Debug|Any CPU.ActiveCfg = Debug|Any CPU
		{2CFC170A-6FE3-454E-9203-E59E6E3C7C42}.Debug|Any CPU.Build.0 = Debug|Any CPU
		{2CFC170A-6FE3-454E-9203-E59E6E3C7C42}.Release|Any CPU.ActiveCfg = Release|Any CPU
		{2CFC170A-6FE3-454E-9203-E59E6E3C7C42}.Release|Any CPU.Build.0 = Release|Any CPU
		{0D542587-9FE1-4DF9-83A0-427AF6AD89B1}.Debug|Any CPU.ActiveCfg = Debug|Any CPU
		{0D542587-9FE1-4DF9-83A0-427AF6AD89B1}.Debug|Any CPU.Build.0 = Debug|Any CPU
		{0D542587-9FE1-4DF9-83A0-427AF6AD89B1}.Release|Any CPU.ActiveCfg = Release|Any CPU
		{0D542587-9FE1-4DF9-83A0-427AF6AD89B1}.Release|Any CPU.Build.0 = Release|Any CPU
		{B378B694-5014-4F5D-A336-9C8CCBD99329}.Debug|Any CPU.ActiveCfg = Debug|Any CPU
		{B378B694-5014-4F5D-A336-9C8CCBD99329}.Debug|Any CPU.Build.0 = Debug|Any CPU
		{B378B694-5014-4F5D-A336-9C8CCBD99329}.Release|Any CPU.ActiveCfg = Release|Any CPU
		{B378B694-5014-4F5D-A336-9C8CCBD99329}.Release|Any CPU.Build.0 = Release|Any CPU
		{7F1EA92B-A96A-41B8-BD76-6D3D3DB1E478}.Debug|Any CPU.ActiveCfg = Debug|Any CPU
		{7F1EA92B-A96A-41B8-BD76-6D3D3DB1E478}.Debug|Any CPU.Build.0 = Debug|Any CPU
		{7F1EA92B-A96A-41B8-BD76-6D3D3DB1E478}.Release|Any CPU.ActiveCfg = Release|Any CPU
		{7F1EA92B-A96A-41B8-BD76-6D3D3DB1E478}.Release|Any CPU.Build.0 = Release|Any CPU
	EndGlobalSection
	GlobalSection(SolutionProperties) = preSolution
		HideSolutionNode = FALSE
	EndGlobalSection
	GlobalSection(ExtensibilityGlobals) = postSolution
		SolutionGuid = {7FFC7748-278B-423D-A012-5C2F8BB94398}
	EndGlobalSection
EndGlobal
